
Microsoft Visual Studio Solution File, Format Version 12.00
# Visual Studio Version 17
VisualStudioVersion = 17.7.34024.191
MinimumVisualStudioVersion = 10.0.40219.1
Project("{FAE04EC0-301F-11D3-BF4B-00C04F79EFBC}") = "Assignment1", "Assignment1.csproj", "{A28844EF-7C8A-4AFB-8609-0F48573C2C86}"
EndProject
Global
	GlobalSection(SolutionConfigurationPlatforms) = preSolution
		Debug|Any CPU = Debug|Any CPU
		Release|Any CPU = Release|Any CPU
	EndGlobalSection
	GlobalSection(ProjectConfigurationPlatforms) = postSolution
		{A28844EF-7C8A-4AFB-8609-0F48573C2C86}.Debug|Any CPU.ActiveCfg = Debug|Any CPU
		{A28844EF-7C8A-4AFB-8609-0F48573C2C86}.Debug|Any CPU.Build.0 = Debug|Any CPU
		{A28844EF-7C8A-4AFB-8609-0F48573C2C86}.Release|Any CPU.ActiveCfg = Release|Any CPU
		{A28844EF-7C8A-4AFB-8609-0F48573C2C86}.Release|Any CPU.Build.0 = Release|Any CPU
	EndGlobalSection
	GlobalSection(SolutionProperties) = preSolution
		HideSolutionNode = FALSE
	EndGlobalSection
	GlobalSection(ExtensibilityGlobals) = postSolution
		SolutionGuid = {A588A83A-C8B1-489A-91BB-E0F4D44751D7}
	EndGlobalSection
EndGlobal
