
Microsoft Visual Studio Solution File, Format Version 12.00
# Visual Studio Version 17
VisualStudioVersion = 17.7.34202.233
MinimumVisualStudioVersion = 10.0.40219.1
Project("{FAE04EC0-301F-11D3-BF4B-00C04F79EFBC}") = "Assignment3_UnitTest_LiFan", "Assignment3_UnitTest_LiFan.csproj", "{6DDBE0C0-4D60-45B1-BE9B-330C49693951}"
EndProject
Project("{FAE04EC0-301F-11D3-BF4B-00C04F79EFBC}") = "UnitTest_problem2", "..\UnitTest_problem2\UnitTest_problem2.csproj", "{CDCA9D2E-2BC0-4302-9F27-80AD4BF8A89B}"
EndProject
Global
	GlobalSection(SolutionConfigurationPlatforms) = preSolution
		Debug|Any CPU = Debug|Any CPU
		Release|Any CPU = Release|Any CPU
	EndGlobalSection
	GlobalSection(ProjectConfigurationPlatforms) = postSolution
		{6DDBE0C0-4D60-45B1-BE9B-330C49693951}.Debug|Any CPU.ActiveCfg = Debug|Any CPU
		{6DDBE0C0-4D60-45B1-BE9B-330C49693951}.Debug|Any CPU.Build.0 = Debug|Any CPU
		{6DDBE0C0-4D60-45B1-BE9B-330C49693951}.Release|Any CPU.ActiveCfg = Release|Any CPU
		{6DDBE0C0-4D60-45B1-BE9B-330C49693951}.Release|Any CPU.Build.0 = Release|Any CPU
		{CDCA9D2E-2BC0-4302-9F27-80AD4BF8A89B}.Debug|Any CPU.ActiveCfg = Debug|Any CPU
		{CDCA9D2E-2BC0-4302-9F27-80AD4BF8A89B}.Debug|Any CPU.Build.0 = Debug|Any CPU
		{CDCA9D2E-2BC0-4302-9F27-80AD4BF8A89B}.Release|Any CPU.ActiveCfg = Release|Any CPU
		{CDCA9D2E-2BC0-4302-9F27-80AD4BF8A89B}.Release|Any CPU.Build.0 = Release|Any CPU
	EndGlobalSection
	GlobalSection(SolutionProperties) = preSolution
		HideSolutionNode = FALSE
	EndGlobalSection
	GlobalSection(ExtensibilityGlobals) = postSolution
		SolutionGuid = {53EE2CC3-B49F-46F8-BBAB-F98CE7FB09AA}
	EndGlobalSection
EndGlobal
