
Microsoft Visual Studio Solution File, Format Version 12.00
# Visual Studio Version 17
VisualStudioVersion = 17.7.34024.191
MinimumVisualStudioVersion = 10.0.40219.1
Project("{FAE04EC0-301F-11D3-BF4B-00C04F79EFBC}") = "CarRental", "CarRental.csproj", "{44B6A9D7-46CB-47B7-8B9D-E48B123F300A}"
EndProject
Project("{FAE04EC0-301F-11D3-BF4B-00C04F79EFBC}") = "CarRental_UnitTest", "..\CarRental_UnitTest\CarRental_UnitTest.csproj", "{6122C6C6-110D-44FF-8B91-CC06764CBDFF}"
EndProject
Global
	GlobalSection(SolutionConfigurationPlatforms) = preSolution
		Debug|Any CPU = Debug|Any CPU
		Release|Any CPU = Release|Any CPU
	EndGlobalSection
	GlobalSection(ProjectConfigurationPlatforms) = postSolution
		{44B6A9D7-46CB-47B7-8B9D-E48B123F300A}.Debug|Any CPU.ActiveCfg = Debug|Any CPU
		{44B6A9D7-46CB-47B7-8B9D-E48B123F300A}.Debug|Any CPU.Build.0 = Debug|Any CPU
		{44B6A9D7-46CB-47B7-8B9D-E48B123F300A}.Release|Any CPU.ActiveCfg = Release|Any CPU
		{44B6A9D7-46CB-47B7-8B9D-E48B123F300A}.Release|Any CPU.Build.0 = Release|Any CPU
		{6122C6C6-110D-44FF-8B91-CC06764CBDFF}.Debug|Any CPU.ActiveCfg = Debug|Any CPU
		{6122C6C6-110D-44FF-8B91-CC06764CBDFF}.Debug|Any CPU.Build.0 = Debug|Any CPU
		{6122C6C6-110D-44FF-8B91-CC06764CBDFF}.Release|Any CPU.ActiveCfg = Release|Any CPU
		{6122C6C6-110D-44FF-8B91-CC06764CBDFF}.Release|Any CPU.Build.0 = Release|Any CPU
	EndGlobalSection
	GlobalSection(SolutionProperties) = preSolution
		HideSolutionNode = FALSE
	EndGlobalSection
	GlobalSection(ExtensibilityGlobals) = postSolution
		SolutionGuid = {D99A7585-22C2-4FED-9531-96B50CC2D840}
	EndGlobalSection
EndGlobal
